
Microsoft Visual Studio Solution File, Format Version 12.00
# Visual Studio Version 17
VisualStudioVersion = 17.13.35919.96 d17.13
MinimumVisualStudioVersion = 10.0.40219.1
Project("{FAE04EC0-301F-11D3-BF4B-00C04F79EFBC}") = "MediatRWithEFCoreDemo", "MediatRWithEFCoreDemo.csproj", "{564BC6A8-051A-4B44-BB9A-4E4EA2F6453E}"
EndProject
Global
	GlobalSection(SolutionConfigurationPlatforms) = preSolution
		Debug|Any CPU = Debug|Any CPU
		Release|Any CPU = Release|Any CPU
	EndGlobalSection
	GlobalSection(ProjectConfigurationPlatforms) = postSolution
		{564BC6A8-051A-4B44-BB9A-4E4EA2F6453E}.Debug|Any CPU.ActiveCfg = Debug|Any CPU
		{564BC6A8-051A-4B44-BB9A-4E4EA2F6453E}.Debug|Any CPU.Build.0 = Debug|Any CPU
		{564BC6A8-051A-4B44-BB9A-4E4EA2F6453E}.Release|Any CPU.ActiveCfg = Release|Any CPU
		{564BC6A8-051A-4B44-BB9A-4E4EA2F6453E}.Release|Any CPU.Build.0 = Release|Any CPU
	EndGlobalSection
	GlobalSection(SolutionProperties) = preSolution
		HideSolutionNode = FALSE
	EndGlobalSection
	GlobalSection(ExtensibilityGlobals) = postSolution
		SolutionGuid = {0F1B4E97-413F-4AE5-AE3B-1781291A3441}
	EndGlobalSection
EndGlobal
